
Microsoft Visual Studio Solution File, Format Version 12.00
# Visual Studio Version 17
VisualStudioVersion = 17.3.32819.101
MinimumVisualStudioVersion = 10.0.40219.1
Project("{FAE04EC0-301F-11D3-BF4B-00C04F79EFBC}") = "HelloWorld", "ConsoleApp1\HelloWorld.csproj", "{9AB0E60F-AFFB-44A4-8E29-C05EF53A6E20}"
EndProject
Project("{FAE04EC0-301F-11D3-BF4B-00C04F79EFBC}") = "HelloUser", "HelloUser\HelloUser.csproj", "{006CD895-4543-42C2-B129-AF4550F49C99}"
EndProject
Project("{2150E333-8FDC-42A3-9474-1A3956D46DE8}") = "Элементы решения", "Элементы решения", "{D7C8B54D-412C-4FF8-A76A-5CD38CCCFF57}"
	ProjectSection(SolutionItems) = preProject
		.gitignore = .gitignore
	EndProjectSection
EndProject
Project("{FAE04EC0-301F-11D3-BF4B-00C04F79EFBC}") = "Summary", "Summary\Summary.csproj", "{6E7C96B0-5EAC-4009-B6A3-9A97E9ED11AA}"
EndProject
Project("{FAE04EC0-301F-11D3-BF4B-00C04F79EFBC}") = "Div", "Div\Div.csproj", "{DC311FBE-8D77-4566-883F-A99287AC3475}"
EndProject
Project("{FAE04EC0-301F-11D3-BF4B-00C04F79EFBC}") = "If_Else", "If_Else\If_Else.csproj", "{B9253539-3952-402F-8048-FDED693F5C8F}"
EndProject
Global
	GlobalSection(SolutionConfigurationPlatforms) = preSolution
		Debug|Any CPU = Debug|Any CPU
		Release|Any CPU = Release|Any CPU
	EndGlobalSection
	GlobalSection(ProjectConfigurationPlatforms) = postSolution
		{9AB0E60F-AFFB-44A4-8E29-C05EF53A6E20}.Debug|Any CPU.ActiveCfg = Debug|Any CPU
		{9AB0E60F-AFFB-44A4-8E29-C05EF53A6E20}.Debug|Any CPU.Build.0 = Debug|Any CPU
		{9AB0E60F-AFFB-44A4-8E29-C05EF53A6E20}.Release|Any CPU.ActiveCfg = Release|Any CPU
		{9AB0E60F-AFFB-44A4-8E29-C05EF53A6E20}.Release|Any CPU.Build.0 = Release|Any CPU
		{006CD895-4543-42C2-B129-AF4550F49C99}.Debug|Any CPU.ActiveCfg = Debug|Any CPU
		{006CD895-4543-42C2-B129-AF4550F49C99}.Debug|Any CPU.Build.0 = Debug|Any CPU
		{006CD895-4543-42C2-B129-AF4550F49C99}.Release|Any CPU.ActiveCfg = Release|Any CPU
		{006CD895-4543-42C2-B129-AF4550F49C99}.Release|Any CPU.Build.0 = Release|Any CPU
		{6E7C96B0-5EAC-4009-B6A3-9A97E9ED11AA}.Debug|Any CPU.ActiveCfg = Debug|Any CPU
		{6E7C96B0-5EAC-4009-B6A3-9A97E9ED11AA}.Debug|Any CPU.Build.0 = Debug|Any CPU
		{6E7C96B0-5EAC-4009-B6A3-9A97E9ED11AA}.Release|Any CPU.ActiveCfg = Release|Any CPU
		{6E7C96B0-5EAC-4009-B6A3-9A97E9ED11AA}.Release|Any CPU.Build.0 = Release|Any CPU
		{DC311FBE-8D77-4566-883F-A99287AC3475}.Debug|Any CPU.ActiveCfg = Debug|Any CPU
		{DC311FBE-8D77-4566-883F-A99287AC3475}.Debug|Any CPU.Build.0 = Debug|Any CPU
		{DC311FBE-8D77-4566-883F-A99287AC3475}.Release|Any CPU.ActiveCfg = Release|Any CPU
		{DC311FBE-8D77-4566-883F-A99287AC3475}.Release|Any CPU.Build.0 = Release|Any CPU
		{B9253539-3952-402F-8048-FDED693F5C8F}.Debug|Any CPU.ActiveCfg = Debug|Any CPU
		{B9253539-3952-402F-8048-FDED693F5C8F}.Debug|Any CPU.Build.0 = Debug|Any CPU
		{B9253539-3952-402F-8048-FDED693F5C8F}.Release|Any CPU.ActiveCfg = Release|Any CPU
		{B9253539-3952-402F-8048-FDED693F5C8F}.Release|Any CPU.Build.0 = Release|Any CPU
	EndGlobalSection
	GlobalSection(SolutionProperties) = preSolution
		HideSolutionNode = FALSE
	EndGlobalSection
	GlobalSection(ExtensibilityGlobals) = postSolution
		SolutionGuid = {BFCDC51D-608F-45F8-B236-87178E9C2439}
	EndGlobalSection
EndGlobal
